<?xml version="1.0" encoding="UTF-8" standalone="yes" ?>
<CodeBlocks_project_file>
	<FileVersion major="1" minor="6" />
	<Project>
		<Option title="Sourcecode1-2-7 Neu" />
		<Option makefile_is_custom="1" />
		<Option pch_mode="2" />
		<Option compiler="gcc" />
		<MakeCommands>
			<Build command="C:/Users/Gerhard/AppData/Local/Programs/Python/Python38-32/Scripts/platformio.exe -f -c codeblocks run" />
			<CompileFile command="C:/Users/Gerhard/AppData/Local/Programs/Python/Python38-32/Scripts/platformio.exe -f -c codeblocks run" />
			<Clean command="C:/Users/Gerhard/AppData/Local/Programs/Python/Python38-32/Scripts/platformio.exe -f -c codeblocks run -t clean" />
			<DistClean command="C:/Users/Gerhard/AppData/Local/Programs/Python/Python38-32/Scripts/platformio.exe -f -c codeblocks run -t clean" />
			<AskRebuildNeeded command="1" />
			<SilentBuild command="C:/Users/Gerhard/AppData/Local/Programs/Python/Python38-32/Scripts/platformio.exe -f -c codeblocks run &gt; $(CMD_NULL)" />
		</MakeCommands>
		<Build>
			<Target title="Debug">
				<Option type="4" />
				<Option compiler="gcc" />
				<Option parameters="-f -c codeblocks run -t upload" />
				<Option host_application="C:/Users/Gerhard/AppData/Local/Programs/Python/Python38-32/Scripts/platformio.exe" />
				<Option run_host_application_in_terminal="1" />
				<Option use_console_runner="0" />
				<MakeCommands>
					<Build command="C:/Users/Gerhard/AppData/Local/Programs/Python/Python38-32/Scripts/platformio.exe -f -c codeblocks run" />
					<CompileFile command="C:/Users/Gerhard/AppData/Local/Programs/Python/Python38-32/Scripts/platformio.exe -f -c codeblocks run" />
					<Clean command="C:/Users/Gerhard/AppData/Local/Programs/Python/Python38-32/Scripts/platformio.exe -f -c codeblocks run -t clean" />
					<DistClean command="C:/Users/Gerhard/AppData/Local/Programs/Python/Python38-32/Scripts/platformio.exe -f -c codeblocks run -t clean" />
					<AskRebuildNeeded command="1" />
					<SilentBuild command="C:/Users/Gerhard/AppData/Local/Programs/Python/Python38-32/Scripts/platformio.exe -f -c codeblocks run &gt; $(CMD_NULL)" />
				</MakeCommands>
			</Target>
			<Target title="Release">
				<Option type="4" />
				<Option compiler="gcc" />
				<Option parameters="-f -c codeblocks run -t upload" />
				<Option host_application="C:/Users/Gerhard/AppData/Local/Programs/Python/Python38-32/Scripts/platformio.exe" />
				<Option run_host_application_in_terminal="1" />
				<Option use_console_runner="0" />
				<MakeCommands>
					<Build command="C:/Users/Gerhard/AppData/Local/Programs/Python/Python38-32/Scripts/platformio.exe -f -c codeblocks run" />
					<CompileFile command="C:/Users/Gerhard/AppData/Local/Programs/Python/Python38-32/Scripts/platformio.exe -f -c codeblocks run" />
					<Clean command="C:/Users/Gerhard/AppData/Local/Programs/Python/Python38-32/Scripts/platformio.exe -f -c codeblocks run -t clean" />
					<DistClean command="C:/Users/Gerhard/AppData/Local/Programs/Python/Python38-32/Scripts/platformio.exe -f -c codeblocks run -t clean" />
					<AskRebuildNeeded command="1" />
					<SilentBuild command="C:/Users/Gerhard/AppData/Local/Programs/Python/Python38-32/Scripts/platformio.exe -f -c codeblocks run &gt; $(CMD_NULL)" />
				</MakeCommands>
			</Target>
		</Build>
		<Compiler>
			<Add option="-DPLATFORMIO=60105"/>
			<Add option="-DESP8266"/>
			<Add option="-DARDUINO_ARCH_ESP8266"/>
			<Add option="-DARDUINO_ESP8266_ESP12"/>
			<Add option="-DPIO_FRAMEWORK_ARDUINO_LWIP2_HIGHER_BANDWIDTH"/>
			<Add option="-DF_CPU=80000000L"/>
			<Add option="-D__ets__"/>
			<Add option="-DICACHE_FLASH"/>
			<Add option="-D_GNU_SOURCE"/>
			<Add option="-DARDUINO=10805"/>
			<Add option="-DARDUINO_BOARD=&quot;PLATFORMIO_ESP12E&quot;"/>
			<Add option="-DARDUINO_BOARD_ID=&quot;esp12e&quot;"/>
			<Add option="-DFLASHMODE_DIO"/>
			<Add option="-DLWIP_OPEN_SRC"/>
			<Add option="-DNONOSDK22x_190703=1"/>
			<Add option="-DTCP_MSS=1460"/>
			<Add option="-DLWIP_FEATURES=1"/>
			<Add option="-DLWIP_IPV6=0"/>
			<Add option="-DVTABLES_IN_FLASH"/>
			<Add option="-DMMU_IRAM_SIZE=0x8000"/>
			<Add option="-DMMU_ICACHE_SIZE=0x8000"/>
			<Add directory="D:/WORK/Technische Doku/AMIS/Sourcecode1-2-7 Neu/include"/>
			<Add directory="D:/WORK/Technische Doku/AMIS/Sourcecode1-2-7 Neu/src"/>
			<Add directory="C:/Users/Gerhard/.platformio/packages/framework-arduinoespressif8266/libraries/Ticker/src"/>
			<Add directory="C:/Users/Gerhard/.platformio/packages/framework-arduinoespressif8266/libraries/EEPROM"/>
			<Add directory="C:/Users/Gerhard/.platformio/packages/framework-arduinoespressif8266/libraries/ArduinoOTA"/>
			<Add directory="C:/Users/Gerhard/.platformio/packages/framework-arduinoespressif8266/libraries/ESP8266mDNS/src"/>
			<Add directory="C:/Users/Gerhard/.platformio/packages/framework-arduinoespressif8266/libraries/LittleFS/src"/>
			<Add directory="D:/WORK/Technische Doku/AMIS/Sourcecode1-2-7 Neu/.pio/libdeps/esp12e/AsyncMqttClient/src"/>
			<Add directory="D:/WORK/Technische Doku/AMIS/Sourcecode1-2-7 Neu/.pio/libdeps/esp12e/ESP Async WebServer/src"/>
			<Add directory="C:/Users/Gerhard/.platformio/packages/framework-arduinoespressif8266/libraries/ESP8266WiFi/src"/>
			<Add directory="D:/WORK/Technische Doku/AMIS/Sourcecode1-2-7 Neu/.pio/libdeps/esp12e/ArduinoJson/src"/>
			<Add directory="C:/Users/Gerhard/.platformio/packages/framework-arduinoespressif8266/libraries/Hash/src"/>
			<Add directory="D:/WORK/Technische Doku/AMIS/Sourcecode1-2-7 Neu/.pio/libdeps/esp12e/ESPAsyncTCP/src"/>
			<Add directory="C:/Users/Gerhard/.platformio/packages/framework-arduinoespressif8266/tools/sdk/include"/>
			<Add directory="C:/Users/Gerhard/.platformio/packages/framework-arduinoespressif8266/cores/esp8266"/>
			<Add directory="C:/Users/Gerhard/.platformio/packages/toolchain-xtensa/include"/>
			<Add directory="C:/Users/Gerhard/.platformio/packages/framework-arduinoespressif8266/tools/sdk/lwip2/include"/>
			<Add directory="C:/Users/Gerhard/.platformio/packages/framework-arduinoespressif8266/variants/nodemcu"/>
			<Add directory="C:/Users/Gerhard/.platformio/packages/framework-arduinoespressif8266/libraries/DNSServer/src"/>
			<Add directory="C:/Users/Gerhard/.platformio/packages/framework-arduinoespressif8266/libraries/ESP8266AVRISP/src"/>
			<Add directory="C:/Users/Gerhard/.platformio/packages/framework-arduinoespressif8266/libraries/ESP8266HTTPClient/src"/>
			<Add directory="C:/Users/Gerhard/.platformio/packages/framework-arduinoespressif8266/libraries/ESP8266HTTPUpdateServer/src"/>
			<Add directory="C:/Users/Gerhard/.platformio/packages/framework-arduinoespressif8266/libraries/ESP8266LLMNR"/>
			<Add directory="C:/Users/Gerhard/.platformio/packages/framework-arduinoespressif8266/libraries/ESP8266NetBIOS"/>
			<Add directory="C:/Users/Gerhard/.platformio/packages/framework-arduinoespressif8266/libraries/ESP8266SSDP"/>
			<Add directory="C:/Users/Gerhard/.platformio/packages/framework-arduinoespressif8266/libraries/ESP8266SdFat/src"/>
			<Add directory="C:/Users/Gerhard/.platformio/packages/framework-arduinoespressif8266/libraries/ESP8266WebServer/src"/>
			<Add directory="C:/Users/Gerhard/.platformio/packages/framework-arduinoespressif8266/libraries/ESP8266WiFiMesh/src"/>
			<Add directory="C:/Users/Gerhard/.platformio/packages/framework-arduinoespressif8266/libraries/ESP8266httpUpdate/src"/>
			<Add directory="C:/Users/Gerhard/.platformio/packages/framework-arduinoespressif8266/libraries/Ethernet/src"/>
			<Add directory="C:/Users/Gerhard/.platformio/packages/framework-arduinoespressif8266/libraries/FSTools"/>
			<Add directory="C:/Users/Gerhard/.platformio/packages/framework-arduinoespressif8266/libraries/GDBStub/src"/>
			<Add directory="C:/Users/Gerhard/.platformio/packages/framework-arduinoespressif8266/libraries/I2S/src"/>
			<Add directory="C:/Users/Gerhard/.platformio/packages/framework-arduinoespressif8266/libraries/Netdump/src"/>
			<Add directory="C:/Users/Gerhard/.platformio/packages/framework-arduinoespressif8266/libraries/SD/src"/>
			<Add directory="C:/Users/Gerhard/.platformio/packages/framework-arduinoespressif8266/libraries/SDFS/src"/>
			<Add directory="C:/Users/Gerhard/.platformio/packages/framework-arduinoespressif8266/libraries/SPI"/>
			<Add directory="C:/Users/Gerhard/.platformio/packages/framework-arduinoespressif8266/libraries/SPISlave/src"/>
			<Add directory="C:/Users/Gerhard/.platformio/packages/framework-arduinoespressif8266/libraries/Servo/src"/>
			<Add directory="C:/Users/Gerhard/.platformio/packages/framework-arduinoespressif8266/libraries/SoftwareSerial/src"/>
			<Add directory="C:/Users/Gerhard/.platformio/packages/framework-arduinoespressif8266/libraries/TFT_Touch_Shield_V2"/>
			<Add directory="C:/Users/Gerhard/.platformio/packages/framework-arduinoespressif8266/libraries/Wire"/>
			<Add directory="C:/Users/Gerhard/.platformio/packages/framework-arduinoespressif8266/libraries/esp8266/src"/>
			<Add directory="C:/Users/Gerhard/.platformio/packages/framework-arduinoespressif8266/libraries/lwIP_Ethernet/src"/>
			<Add directory="C:/Users/Gerhard/.platformio/packages/framework-arduinoespressif8266/libraries/lwIP_PPP/src"/>
			<Add directory="C:/Users/Gerhard/.platformio/packages/framework-arduinoespressif8266/libraries/lwIP_enc28j60/src"/>
			<Add directory="C:/Users/Gerhard/.platformio/packages/framework-arduinoespressif8266/libraries/lwIP_w5100/src"/>
			<Add directory="C:/Users/Gerhard/.platformio/packages/framework-arduinoespressif8266/libraries/lwIP_w5500/src"/>
			<Add directory="C:/Users/Gerhard/.platformio/packages/toolchain-xtensa/xtensa-lx106-elf/include/c++/10.3.0"/>
			<Add directory="C:/Users/Gerhard/.platformio/packages/toolchain-xtensa/xtensa-lx106-elf/include/c++/10.3.0/xtensa-lx106-elf"/>
			<Add directory="C:/Users/Gerhard/.platformio/packages/toolchain-xtensa/lib/gcc/xtensa-lx106-elf/10.3.0/include"/>
			<Add directory="C:/Users/Gerhard/.platformio/packages/toolchain-xtensa/lib/gcc/xtensa-lx106-elf/10.3.0/include-fixed"/>
			<Add directory="C:/Users/Gerhard/.platformio/packages/toolchain-xtensa/xtensa-lx106-elf/include"/>
		</Compiler>
		<Unit filename="platformio.ini" />
		<Unit filename="src/aes.cpp"></Unit>
		<Unit filename="src/aes.h"></Unit>
		<Unit filename="src/amis.cpp"></Unit>
		<Unit filename="src/main.cpp"></Unit>
		<Unit filename="src/main.cpp.bak"></Unit>
		<Unit filename="src/meter.cpp"></Unit>
		<Unit filename="src/mqtt.cpp"></Unit>
		<Unit filename="src/proj.h"></Unit>
		<Unit filename="src/servers.cpp"></Unit>
		<Unit filename="src/system.cpp"></Unit>
		<Unit filename="src/upgrade.cpp"></Unit>
		<Unit filename="src/wsock.cpp"></Unit>
	</Project>
</CodeBlocks_project_file>
